
Microsoft Visual Studio Solution File, Format Version 12.00
# Visual Studio Version 17
VisualStudioVersion = 17.7.34024.191
MinimumVisualStudioVersion = 10.0.40219.1
Project("{FAE04EC0-301F-11D3-BF4B-00C04F79EFBC}") = "InternetSales", "InternetSales\InternetSales.csproj", "{FBA688F5-514D-4FEC-B879-B7FAE9766BC8}"
EndProject
Project("{FAE04EC0-301F-11D3-BF4B-00C04F79EFBC}") = "InternetSales.DataAccess", "InternetSales.DataAccess\InternetSales.DataAccess.csproj", "{9E90D663-9E72-4985-899C-DC47F8B85A97}"
EndProject
Global
	GlobalSection(SolutionConfigurationPlatforms) = preSolution
		Debug|Any CPU = Debug|Any CPU
		Release|Any CPU = Release|Any CPU
	EndGlobalSection
	GlobalSection(ProjectConfigurationPlatforms) = postSolution
		{FBA688F5-514D-4FEC-B879-B7FAE9766BC8}.Debug|Any CPU.ActiveCfg = Debug|Any CPU
		{FBA688F5-514D-4FEC-B879-B7FAE9766BC8}.Debug|Any CPU.Build.0 = Debug|Any CPU
		{FBA688F5-514D-4FEC-B879-B7FAE9766BC8}.Release|Any CPU.ActiveCfg = Release|Any CPU
		{FBA688F5-514D-4FEC-B879-B7FAE9766BC8}.Release|Any CPU.Build.0 = Release|Any CPU
		{9E90D663-9E72-4985-899C-DC47F8B85A97}.Debug|Any CPU.ActiveCfg = Debug|Any CPU
		{9E90D663-9E72-4985-899C-DC47F8B85A97}.Debug|Any CPU.Build.0 = Debug|Any CPU
		{9E90D663-9E72-4985-899C-DC47F8B85A97}.Release|Any CPU.ActiveCfg = Release|Any CPU
		{9E90D663-9E72-4985-899C-DC47F8B85A97}.Release|Any CPU.Build.0 = Release|Any CPU
	EndGlobalSection
	GlobalSection(SolutionProperties) = preSolution
		HideSolutionNode = FALSE
	EndGlobalSection
	GlobalSection(ExtensibilityGlobals) = postSolution
		SolutionGuid = {90B48D27-5C9B-4604-A18F-A812672AAA2E}
	EndGlobalSection
EndGlobal
